
Microsoft Visual Studio Solution File, Format Version 12.00
# Visual Studio Version 17
VisualStudioVersion = 17.10.35122.118
MinimumVisualStudioVersion = 10.0.40219.1
Project("{FAE04EC0-301F-11D3-BF4B-00C04F79EFBC}") = "rbest", "rbest\rbest.csproj", "{DEE6B14D-62F9-476D-8935-4347767B438B}"
EndProject
Global
	GlobalSection(SolutionConfigurationPlatforms) = preSolution
		Debug|Any CPU = Debug|Any CPU
		Release|Any CPU = Release|Any CPU
	EndGlobalSection
	GlobalSection(ProjectConfigurationPlatforms) = postSolution
		{DEE6B14D-62F9-476D-8935-4347767B438B}.Debug|Any CPU.ActiveCfg = Debug|Any CPU
		{DEE6B14D-62F9-476D-8935-4347767B438B}.Debug|Any CPU.Build.0 = Debug|Any CPU
		{DEE6B14D-62F9-476D-8935-4347767B438B}.Release|Any CPU.ActiveCfg = Release|Any CPU
		{DEE6B14D-62F9-476D-8935-4347767B438B}.Release|Any CPU.Build.0 = Release|Any CPU
	EndGlobalSection
	GlobalSection(SolutionProperties) = preSolution
		HideSolutionNode = FALSE
	EndGlobalSection
	GlobalSection(ExtensibilityGlobals) = postSolution
		SolutionGuid = {F98DC0FC-0858-4DD8-BD42-BC80972E00B1}
	EndGlobalSection
EndGlobal
